
Microsoft Visual Studio Solution File, Format Version 12.00
# Visual Studio 15
VisualStudioVersion = 15.0.27004.2006
MinimumVisualStudioVersion = 10.0.40219.1
Project("{FAE04EC0-301F-11D3-BF4B-00C04F79EFBC}") = "TextTranslatorWPF", "TextTranslatorWPF\TextTranslatorWPF.csproj", "{C80BE43A-B805-4043-855D-9D4381FD1447}"
EndProject
Global
	GlobalSection(SolutionConfigurationPlatforms) = preSolution
		Debug|Any CPU = Debug|Any CPU
		Release|Any CPU = Release|Any CPU
	EndGlobalSection
	GlobalSection(ProjectConfigurationPlatforms) = postSolution
		{C80BE43A-B805-4043-855D-9D4381FD1447}.Debug|Any CPU.ActiveCfg = Debug|Any CPU
		{C80BE43A-B805-4043-855D-9D4381FD1447}.Debug|Any CPU.Build.0 = Debug|Any CPU
		{C80BE43A-B805-4043-855D-9D4381FD1447}.Release|Any CPU.ActiveCfg = Release|Any CPU
		{C80BE43A-B805-4043-855D-9D4381FD1447}.Release|Any CPU.Build.0 = Release|Any CPU
	EndGlobalSection
	GlobalSection(SolutionProperties) = preSolution
		HideSolutionNode = FALSE
	EndGlobalSection
	GlobalSection(ExtensibilityGlobals) = postSolution
		SolutionGuid = {F64BB6AC-151B-417B-89DD-E785652AFF78}
	EndGlobalSection
EndGlobal
